
Microsoft Visual Studio Solution File, Format Version 12.00
# Visual Studio Version 17
VisualStudioVersion = 17.8.34525.116
MinimumVisualStudioVersion = 10.0.40219.1
Project("{FAE04EC0-301F-11D3-BF4B-00C04F79EFBC}") = "MyFirstApp", "MyFirstApp\MyFirstApp.csproj", "{DB6FF827-409B-4A1E-A0F6-DFF0FA7381DF}"
EndProject
Global
	GlobalSection(SolutionConfigurationPlatforms) = preSolution
		Debug|Any CPU = Debug|Any CPU
		Release|Any CPU = Release|Any CPU
	EndGlobalSection
	GlobalSection(ProjectConfigurationPlatforms) = postSolution
		{DB6FF827-409B-4A1E-A0F6-DFF0FA7381DF}.Debug|Any CPU.ActiveCfg = Debug|Any CPU
		{DB6FF827-409B-4A1E-A0F6-DFF0FA7381DF}.Debug|Any CPU.Build.0 = Debug|Any CPU
		{DB6FF827-409B-4A1E-A0F6-DFF0FA7381DF}.Release|Any CPU.ActiveCfg = Release|Any CPU
		{DB6FF827-409B-4A1E-A0F6-DFF0FA7381DF}.Release|Any CPU.Build.0 = Release|Any CPU
	EndGlobalSection
	GlobalSection(SolutionProperties) = preSolution
		HideSolutionNode = FALSE
	EndGlobalSection
	GlobalSection(ExtensibilityGlobals) = postSolution
		SolutionGuid = {4A9B736F-1AB0-42DE-BAA2-0CD50E5A223E}
	EndGlobalSection
EndGlobal
